github.com/SteffenL/mswebview2 v1.0.1150-39 h1:I+E93kP04WjCt2994diq2fZVutX1hmcU8n/DIBtmdwQ=
github.com/SteffenL/mswebview2 v1.0.1150-39/go.mod h1:laLYy/ZWnnL0NzlN7R9rrOUfcK3WDV1QafaqrmKmooI=
github.com/SteffenL/mswebview2 v1.0.1150-39.1 h1:5Imypr6Nb0nn69dO1mhiFLrm6mweX6kYj38boZrwDTo=
github.com/SteffenL/mswebview2 v1.0.1150-39.1/go.mod h1:JmLvc3pouH11aU/CmGJsrElbmJtQW3PHpFt8jV/m+EY=
github.com/SteffenL/webview-nogo v0.0.0-20220628052838-75193e3f4350 h1:pIwkCbthYYmq6KcwZypK5E0VnNEanAJBZ57pjYeRa5Y=
github.com/SteffenL/webview-nogo v0.0.0-20220628052838-75193e3f4350/go.mod h1:zQusGGuUwfAe2jkPwdY3d8VgV+O7JaCEyuvrintve5k=
